Microsoft Visual Studio Solution File, Format Version 12.00
# Visual Studio 15
Project("{8BC9CEB8-8B4A-11D0-8D11-00A0C91BC942}") = "ALL_BUILD", "ALL_BUILD.vcxproj", "{3F9B02A0-E426-3513-8EC1-5C4922ED4132}"
	ProjectSection(ProjectDependencies) = postProject
		{D9BD6445-7316-3326-913D-6206B41C4EB3} = {D9BD6445-7316-3326-913D-6206B41C4EB3}
		{C61D5A17-0250-3C3B-B42F-E2037C00D421} = {C61D5A17-0250-3C3B-B42F-E2037C00D421}
		{10B365EF-8786-3B44-B0B2-39190E528F3C} = {10B365EF-8786-3B44-B0B2-39190E528F3C}
		{61CB82E7-354E-3B63-98B7-00A918CA28D3} = {61CB82E7-354E-3B63-98B7-00A918CA28D3}
		{18EBFE95-29D2-30A2-8489-B6B51106F507} = {18EBFE95-29D2-30A2-8489-B6B51106F507}
		{8C474BC5-F259-3FC9-991C-1A2A0CC85013} = {8C474BC5-F259-3FC9-991C-1A2A0CC85013}
		{285014DA-A11C-396F-8BE2-62AF1EE29F25} = {285014DA-A11C-396F-8BE2-62AF1EE29F25}
		{46BDEC8E-84C1-3F61-BB1D-DEE1A3D0AE90} = {46BDEC8E-84C1-3F61-BB1D-DEE1A3D0AE90}
		{D74B3723-BEE8-3EB5-9155-C3DBC8881F44} = {D74B3723-BEE8-3EB5-9155-C3DBC8881F44}
		{A423B3C8-A8EE-3898-84B7-5D2E0C4B42AA} = {A423B3C8-A8EE-3898-84B7-5D2E0C4B42AA}
		{842DEC9A-8054-39CF-A2A6-35AC352D439A} = {842DEC9A-8054-39CF-A2A6-35AC352D439A}
		{D2E960C4-99BF-300A-BE79-CCEC29928101} = {D2E960C4-99BF-300A-BE79-CCEC29928101}
		{CF0DFB5F-C9DB-3483-8E0E-89E83050C6E0} = {CF0DFB5F-C9DB-3483-8E0E-89E83050C6E0}
		{5A3B5459-0B50-3AAB-BD40-9A29F8367E59} = {5A3B5459-0B50-3AAB-BD40-9A29F8367E59}
		{077F9302-FE85-3DFE-A2AB-443D942B94C9} = {077F9302-FE85-3DFE-A2AB-443D942B94C9}
		{865BB118-BF96-3579-8D03-0E37D652B171} = {865BB118-BF96-3579-8D03-0E37D652B171}
	EndProjectSection
EndProject
Project("{8BC9CEB8-8B4A-11D0-8D11-00A0C91BC942}") = "INSTALL", "INSTALL.vcxproj", "{52915B3E-FBBA-3DF0-8859-B0929006B425}"
	ProjectSection(ProjectDependencies) = postProject
		{3F9B02A0-E426-3513-8EC1-5C4922ED4132} = {3F9B02A0-E426-3513-8EC1-5C4922ED4132}
		{D9BD6445-7316-3326-913D-6206B41C4EB3} = {D9BD6445-7316-3326-913D-6206B41C4EB3}
	EndProjectSection
EndProject
Project("{8BC9CEB8-8B4A-11D0-8D11-00A0C91BC942}") = "ZERO_CHECK", "ZERO_CHECK.vcxproj", "{D9BD6445-7316-3326-913D-6206B41C4EB3}"
	ProjectSection(ProjectDependencies) = postProject
	EndProjectSection
EndProject
Project("{8BC9CEB8-8B4A-11D0-8D11-00A0C91BC942}") = "celt", "ext\opus\celt\celt.vcxproj", "{C61D5A17-0250-3C3B-B42F-E2037C00D421}"
	ProjectSection(ProjectDependencies) = postProject
		{D9BD6445-7316-3326-913D-6206B41C4EB3} = {D9BD6445-7316-3326-913D-6206B41C4EB3}
	EndProjectSection
EndProject
Project("{8BC9CEB8-8B4A-11D0-8D11-00A0C91BC942}") = "hello_rtaudio", "demo\hello_rtaudio.vcxproj", "{10B365EF-8786-3B44-B0B2-39190E528F3C}"
	ProjectSection(ProjectDependencies) = postProject
		{D9BD6445-7316-3326-913D-6206B41C4EB3} = {D9BD6445-7316-3326-913D-6206B41C4EB3}
		{285014DA-A11C-396F-8BE2-62AF1EE29F25} = {285014DA-A11C-396F-8BE2-62AF1EE29F25}
		{865BB118-BF96-3579-8D03-0E37D652B171} = {865BB118-BF96-3579-8D03-0E37D652B171}
	EndProjectSection
EndProject
Project("{8BC9CEB8-8B4A-11D0-8D11-00A0C91BC942}") = "opus", "ext\opus\src\opus.vcxproj", "{61CB82E7-354E-3B63-98B7-00A918CA28D3}"
	ProjectSection(ProjectDependencies) = postProject
		{D9BD6445-7316-3326-913D-6206B41C4EB3} = {D9BD6445-7316-3326-913D-6206B41C4EB3}
		{C61D5A17-0250-3C3B-B42F-E2037C00D421} = {C61D5A17-0250-3C3B-B42F-E2037C00D421}
		{46BDEC8E-84C1-3F61-BB1D-DEE1A3D0AE90} = {46BDEC8E-84C1-3F61-BB1D-DEE1A3D0AE90}
	EndProjectSection
EndProject
Project("{8BC9CEB8-8B4A-11D0-8D11-00A0C91BC942}") = "opus_demo", "ext\opus\src\opus_demo.vcxproj", "{18EBFE95-29D2-30A2-8489-B6B51106F507}"
	ProjectSection(ProjectDependencies) = postProject
		{D9BD6445-7316-3326-913D-6206B41C4EB3} = {D9BD6445-7316-3326-913D-6206B41C4EB3}
		{C61D5A17-0250-3C3B-B42F-E2037C00D421} = {C61D5A17-0250-3C3B-B42F-E2037C00D421}
		{61CB82E7-354E-3B63-98B7-00A918CA28D3} = {61CB82E7-354E-3B63-98B7-00A918CA28D3}
		{46BDEC8E-84C1-3F61-BB1D-DEE1A3D0AE90} = {46BDEC8E-84C1-3F61-BB1D-DEE1A3D0AE90}
	EndProjectSection
EndProject
Project("{8BC9CEB8-8B4A-11D0-8D11-00A0C91BC942}") = "rtaudio", "ext\rtaudio\rtaudio.vcxproj", "{8C474BC5-F259-3FC9-991C-1A2A0CC85013}"
	ProjectSection(ProjectDependencies) = postProject
		{D9BD6445-7316-3326-913D-6206B41C4EB3} = {D9BD6445-7316-3326-913D-6206B41C4EB3}
	EndProjectSection
EndProject
Project("{8BC9CEB8-8B4A-11D0-8D11-00A0C91BC942}") = "rtaudio_static", "ext\rtaudio\rtaudio_static.vcxproj", "{285014DA-A11C-396F-8BE2-62AF1EE29F25}"
	ProjectSection(ProjectDependencies) = postProject
		{D9BD6445-7316-3326-913D-6206B41C4EB3} = {D9BD6445-7316-3326-913D-6206B41C4EB3}
	EndProjectSection
EndProject
Project("{8BC9CEB8-8B4A-11D0-8D11-00A0C91BC942}") = "silk", "ext\opus\silk\silk.vcxproj", "{46BDEC8E-84C1-3F61-BB1D-DEE1A3D0AE90}"
	ProjectSection(ProjectDependencies) = postProject
		{D9BD6445-7316-3326-913D-6206B41C4EB3} = {D9BD6445-7316-3326-913D-6206B41C4EB3}
	EndProjectSection
EndProject
Project("{8BC9CEB8-8B4A-11D0-8D11-00A0C91BC942}") = "socket_demo", "demo\socket_demo.vcxproj", "{D74B3723-BEE8-3EB5-9155-C3DBC8881F44}"
	ProjectSection(ProjectDependencies) = postProject
		{D9BD6445-7316-3326-913D-6206B41C4EB3} = {D9BD6445-7316-3326-913D-6206B41C4EB3}
		{285014DA-A11C-396F-8BE2-62AF1EE29F25} = {285014DA-A11C-396F-8BE2-62AF1EE29F25}
		{865BB118-BF96-3579-8D03-0E37D652B171} = {865BB118-BF96-3579-8D03-0E37D652B171}
	EndProjectSection
EndProject
Project("{8BC9CEB8-8B4A-11D0-8D11-00A0C91BC942}") = "test_opus_api", "ext\opus\tests\test_opus_api.vcxproj", "{A423B3C8-A8EE-3898-84B7-5D2E0C4B42AA}"
	ProjectSection(ProjectDependencies) = postProject
		{D9BD6445-7316-3326-913D-6206B41C4EB3} = {D9BD6445-7316-3326-913D-6206B41C4EB3}
		{C61D5A17-0250-3C3B-B42F-E2037C00D421} = {C61D5A17-0250-3C3B-B42F-E2037C00D421}
		{61CB82E7-354E-3B63-98B7-00A918CA28D3} = {61CB82E7-354E-3B63-98B7-00A918CA28D3}
		{46BDEC8E-84C1-3F61-BB1D-DEE1A3D0AE90} = {46BDEC8E-84C1-3F61-BB1D-DEE1A3D0AE90}
	EndProjectSection
EndProject
Project("{8BC9CEB8-8B4A-11D0-8D11-00A0C91BC942}") = "test_opus_decode", "ext\opus\tests\test_opus_decode.vcxproj", "{842DEC9A-8054-39CF-A2A6-35AC352D439A}"
	ProjectSection(ProjectDependencies) = postProject
		{D9BD6445-7316-3326-913D-6206B41C4EB3} = {D9BD6445-7316-3326-913D-6206B41C4EB3}
		{C61D5A17-0250-3C3B-B42F-E2037C00D421} = {C61D5A17-0250-3C3B-B42F-E2037C00D421}
		{61CB82E7-354E-3B63-98B7-00A918CA28D3} = {61CB82E7-354E-3B63-98B7-00A918CA28D3}
		{46BDEC8E-84C1-3F61-BB1D-DEE1A3D0AE90} = {46BDEC8E-84C1-3F61-BB1D-DEE1A3D0AE90}
	EndProjectSection
EndProject
Project("{8BC9CEB8-8B4A-11D0-8D11-00A0C91BC942}") = "test_opus_encode", "ext\opus\tests\test_opus_encode.vcxproj", "{D2E960C4-99BF-300A-BE79-CCEC29928101}"
	ProjectSection(ProjectDependencies) = postProject
		{D9BD6445-7316-3326-913D-6206B41C4EB3} = {D9BD6445-7316-3326-913D-6206B41C4EB3}
		{C61D5A17-0250-3C3B-B42F-E2037C00D421} = {C61D5A17-0250-3C3B-B42F-E2037C00D421}
		{61CB82E7-354E-3B63-98B7-00A918CA28D3} = {61CB82E7-354E-3B63-98B7-00A918CA28D3}
		{46BDEC8E-84C1-3F61-BB1D-DEE1A3D0AE90} = {46BDEC8E-84C1-3F61-BB1D-DEE1A3D0AE90}
	EndProjectSection
EndProject
Project("{8BC9CEB8-8B4A-11D0-8D11-00A0C91BC942}") = "test_opus_padding", "ext\opus\tests\test_opus_padding.vcxproj", "{CF0DFB5F-C9DB-3483-8E0E-89E83050C6E0}"
	ProjectSection(ProjectDependencies) = postProject
		{D9BD6445-7316-3326-913D-6206B41C4EB3} = {D9BD6445-7316-3326-913D-6206B41C4EB3}
		{C61D5A17-0250-3C3B-B42F-E2037C00D421} = {C61D5A17-0250-3C3B-B42F-E2037C00D421}
		{61CB82E7-354E-3B63-98B7-00A918CA28D3} = {61CB82E7-354E-3B63-98B7-00A918CA28D3}
		{46BDEC8E-84C1-3F61-BB1D-DEE1A3D0AE90} = {46BDEC8E-84C1-3F61-BB1D-DEE1A3D0AE90}
	EndProjectSection
EndProject
Project("{8BC9CEB8-8B4A-11D0-8D11-00A0C91BC942}") = "tonegen", "demo\tonegen.vcxproj", "{5A3B5459-0B50-3AAB-BD40-9A29F8367E59}"
	ProjectSection(ProjectDependencies) = postProject
		{D9BD6445-7316-3326-913D-6206B41C4EB3} = {D9BD6445-7316-3326-913D-6206B41C4EB3}
		{285014DA-A11C-396F-8BE2-62AF1EE29F25} = {285014DA-A11C-396F-8BE2-62AF1EE29F25}
		{865BB118-BF96-3579-8D03-0E37D652B171} = {865BB118-BF96-3579-8D03-0E37D652B171}
	EndProjectSection
EndProject
Project("{8BC9CEB8-8B4A-11D0-8D11-00A0C91BC942}") = "voipcomm_haukda60920", "src\voipcomm_haukda60920.vcxproj", "{077F9302-FE85-3DFE-A2AB-443D942B94C9}"
	ProjectSection(ProjectDependencies) = postProject
		{D9BD6445-7316-3326-913D-6206B41C4EB3} = {D9BD6445-7316-3326-913D-6206B41C4EB3}
		{285014DA-A11C-396F-8BE2-62AF1EE29F25} = {285014DA-A11C-396F-8BE2-62AF1EE29F25}
		{865BB118-BF96-3579-8D03-0E37D652B171} = {865BB118-BF96-3579-8D03-0E37D652B171}
	EndProjectSection
EndProject
Project("{8BC9CEB8-8B4A-11D0-8D11-00A0C91BC942}") = "voiputil", "util\voiputil.vcxproj", "{865BB118-BF96-3579-8D03-0E37D652B171}"
	ProjectSection(ProjectDependencies) = postProject
		{D9BD6445-7316-3326-913D-6206B41C4EB3} = {D9BD6445-7316-3326-913D-6206B41C4EB3}
	EndProjectSection
EndProject
Global
	GlobalSection(SolutionConfigurationPlatforms) = preSolution
		Debug|Win32 = Debug|Win32
		Release|Win32 = Release|Win32
		MinSizeRel|Win32 = MinSizeRel|Win32
		RelWithDebInfo|Win32 = RelWithDebInfo|Win32
	EndGlobalSection
	GlobalSection(ProjectConfigurationPlatforms) = postSolution
		{3F9B02A0-E426-3513-8EC1-5C4922ED4132}.Debug|Win32.ActiveCfg = Debug|Win32
		{3F9B02A0-E426-3513-8EC1-5C4922ED4132}.Debug|Win32.Build.0 = Debug|Win32
		{3F9B02A0-E426-3513-8EC1-5C4922ED4132}.Release|Win32.ActiveCfg = Release|Win32
		{3F9B02A0-E426-3513-8EC1-5C4922ED4132}.Release|Win32.Build.0 = Release|Win32
		{3F9B02A0-E426-3513-8EC1-5C4922ED4132}.MinSizeRel|Win32.ActiveCfg = MinSizeRel|Win32
		{3F9B02A0-E426-3513-8EC1-5C4922ED4132}.MinSizeRel|Win32.Build.0 = MinSizeRel|Win32
		{3F9B02A0-E426-3513-8EC1-5C4922ED4132}.RelWithDebInfo|Win32.ActiveCfg = RelWithDebInfo|Win32
		{3F9B02A0-E426-3513-8EC1-5C4922ED4132}.RelWithDebInfo|Win32.Build.0 = RelWithDebInfo|Win32
		{52915B3E-FBBA-3DF0-8859-B0929006B425}.Debug|Win32.ActiveCfg = Debug|Win32
		{52915B3E-FBBA-3DF0-8859-B0929006B425}.Release|Win32.ActiveCfg = Release|Win32
		{52915B3E-FBBA-3DF0-8859-B0929006B425}.MinSizeRel|Win32.ActiveCfg = MinSizeRel|Win32
		{52915B3E-FBBA-3DF0-8859-B0929006B425}.RelWithDebInfo|Win32.ActiveCfg = RelWithDebInfo|Win32
		{D9BD6445-7316-3326-913D-6206B41C4EB3}.Debug|Win32.ActiveCfg = Debug|Win32
		{D9BD6445-7316-3326-913D-6206B41C4EB3}.Debug|Win32.Build.0 = Debug|Win32
		{D9BD6445-7316-3326-913D-6206B41C4EB3}.Release|Win32.ActiveCfg = Release|Win32
		{D9BD6445-7316-3326-913D-6206B41C4EB3}.Release|Win32.Build.0 = Release|Win32
		{D9BD6445-7316-3326-913D-6206B41C4EB3}.MinSizeRel|Win32.ActiveCfg = MinSizeRel|Win32
		{D9BD6445-7316-3326-913D-6206B41C4EB3}.MinSizeRel|Win32.Build.0 = MinSizeRel|Win32
		{D9BD6445-7316-3326-913D-6206B41C4EB3}.RelWithDebInfo|Win32.ActiveCfg = RelWithDebInfo|Win32
		{D9BD6445-7316-3326-913D-6206B41C4EB3}.RelWithDebInfo|Win32.Build.0 = RelWithDebInfo|Win32
		{C61D5A17-0250-3C3B-B42F-E2037C00D421}.Debug|Win32.ActiveCfg = Debug|Win32
		{C61D5A17-0250-3C3B-B42F-E2037C00D421}.Debug|Win32.Build.0 = Debug|Win32
		{C61D5A17-0250-3C3B-B42F-E2037C00D421}.Release|Win32.ActiveCfg = Release|Win32
		{C61D5A17-0250-3C3B-B42F-E2037C00D421}.Release|Win32.Build.0 = Release|Win32
		{C61D5A17-0250-3C3B-B42F-E2037C00D421}.MinSizeRel|Win32.ActiveCfg = MinSizeRel|Win32
		{C61D5A17-0250-3C3B-B42F-E2037C00D421}.MinSizeRel|Win32.Build.0 = MinSizeRel|Win32
		{C61D5A17-0250-3C3B-B42F-E2037C00D421}.RelWithDebInfo|Win32.ActiveCfg = RelWithDebInfo|Win32
		{C61D5A17-0250-3C3B-B42F-E2037C00D421}.RelWithDebInfo|Win32.Build.0 = RelWithDebInfo|Win32
		{10B365EF-8786-3B44-B0B2-39190E528F3C}.Debug|Win32.ActiveCfg = Debug|Win32
		{10B365EF-8786-3B44-B0B2-39190E528F3C}.Debug|Win32.Build.0 = Debug|Win32
		{10B365EF-8786-3B44-B0B2-39190E528F3C}.Release|Win32.ActiveCfg = Release|Win32
		{10B365EF-8786-3B44-B0B2-39190E528F3C}.Release|Win32.Build.0 = Release|Win32
		{10B365EF-8786-3B44-B0B2-39190E528F3C}.MinSizeRel|Win32.ActiveCfg = MinSizeRel|Win32
		{10B365EF-8786-3B44-B0B2-39190E528F3C}.MinSizeRel|Win32.Build.0 = MinSizeRel|Win32
		{10B365EF-8786-3B44-B0B2-39190E528F3C}.RelWithDebInfo|Win32.ActiveCfg = RelWithDebInfo|Win32
		{10B365EF-8786-3B44-B0B2-39190E528F3C}.RelWithDebInfo|Win32.Build.0 = RelWithDebInfo|Win32
		{61CB82E7-354E-3B63-98B7-00A918CA28D3}.Debug|Win32.ActiveCfg = Debug|Win32
		{61CB82E7-354E-3B63-98B7-00A918CA28D3}.Debug|Win32.Build.0 = Debug|Win32
		{61CB82E7-354E-3B63-98B7-00A918CA28D3}.Release|Win32.ActiveCfg = Release|Win32
		{61CB82E7-354E-3B63-98B7-00A918CA28D3}.Release|Win32.Build.0 = Release|Win32
		{61CB82E7-354E-3B63-98B7-00A918CA28D3}.MinSizeRel|Win32.ActiveCfg = MinSizeRel|Win32
		{61CB82E7-354E-3B63-98B7-00A918CA28D3}.MinSizeRel|Win32.Build.0 = MinSizeRel|Win32
		{61CB82E7-354E-3B63-98B7-00A918CA28D3}.RelWithDebInfo|Win32.ActiveCfg = RelWithDebInfo|Win32
		{61CB82E7-354E-3B63-98B7-00A918CA28D3}.RelWithDebInfo|Win32.Build.0 = RelWithDebInfo|Win32
		{18EBFE95-29D2-30A2-8489-B6B51106F507}.Debug|Win32.ActiveCfg = Debug|Win32
		{18EBFE95-29D2-30A2-8489-B6B51106F507}.Debug|Win32.Build.0 = Debug|Win32
		{18EBFE95-29D2-30A2-8489-B6B51106F507}.Release|Win32.ActiveCfg = Release|Win32
		{18EBFE95-29D2-30A2-8489-B6B51106F507}.Release|Win32.Build.0 = Release|Win32
		{18EBFE95-29D2-30A2-8489-B6B51106F507}.MinSizeRel|Win32.ActiveCfg = MinSizeRel|Win32
		{18EBFE95-29D2-30A2-8489-B6B51106F507}.MinSizeRel|Win32.Build.0 = MinSizeRel|Win32
		{18EBFE95-29D2-30A2-8489-B6B51106F507}.RelWithDebInfo|Win32.ActiveCfg = RelWithDebInfo|Win32
		{18EBFE95-29D2-30A2-8489-B6B51106F507}.RelWithDebInfo|Win32.Build.0 = RelWithDebInfo|Win32
		{8C474BC5-F259-3FC9-991C-1A2A0CC85013}.Debug|Win32.ActiveCfg = Debug|Win32
		{8C474BC5-F259-3FC9-991C-1A2A0CC85013}.Debug|Win32.Build.0 = Debug|Win32
		{8C474BC5-F259-3FC9-991C-1A2A0CC85013}.Release|Win32.ActiveCfg = Release|Win32
		{8C474BC5-F259-3FC9-991C-1A2A0CC85013}.Release|Win32.Build.0 = Release|Win32
		{8C474BC5-F259-3FC9-991C-1A2A0CC85013}.MinSizeRel|Win32.ActiveCfg = MinSizeRel|Win32
		{8C474BC5-F259-3FC9-991C-1A2A0CC85013}.MinSizeRel|Win32.Build.0 = MinSizeRel|Win32
		{8C474BC5-F259-3FC9-991C-1A2A0CC85013}.RelWithDebInfo|Win32.ActiveCfg = RelWithDebInfo|Win32
		{8C474BC5-F259-3FC9-991C-1A2A0CC85013}.RelWithDebInfo|Win32.Build.0 = RelWithDebInfo|Win32
		{285014DA-A11C-396F-8BE2-62AF1EE29F25}.Debug|Win32.ActiveCfg = Debug|Win32
		{285014DA-A11C-396F-8BE2-62AF1EE29F25}.Debug|Win32.Build.0 = Debug|Win32
		{285014DA-A11C-396F-8BE2-62AF1EE29F25}.Release|Win32.ActiveCfg = Release|Win32
		{285014DA-A11C-396F-8BE2-62AF1EE29F25}.Release|Win32.Build.0 = Release|Win32
		{285014DA-A11C-396F-8BE2-62AF1EE29F25}.MinSizeRel|Win32.ActiveCfg = MinSizeRel|Win32
		{285014DA-A11C-396F-8BE2-62AF1EE29F25}.MinSizeRel|Win32.Build.0 = MinSizeRel|Win32
		{285014DA-A11C-396F-8BE2-62AF1EE29F25}.RelWithDebInfo|Win32.ActiveCfg = RelWithDebInfo|Win32
		{285014DA-A11C-396F-8BE2-62AF1EE29F25}.RelWithDebInfo|Win32.Build.0 = RelWithDebInfo|Win32
		{46BDEC8E-84C1-3F61-BB1D-DEE1A3D0AE90}.Debug|Win32.ActiveCfg = Debug|Win32
		{46BDEC8E-84C1-3F61-BB1D-DEE1A3D0AE90}.Debug|Win32.Build.0 = Debug|Win32
		{46BDEC8E-84C1-3F61-BB1D-DEE1A3D0AE90}.Release|Win32.ActiveCfg = Release|Win32
		{46BDEC8E-84C1-3F61-BB1D-DEE1A3D0AE90}.Release|Win32.Build.0 = Release|Win32
		{46BDEC8E-84C1-3F61-BB1D-DEE1A3D0AE90}.MinSizeRel|Win32.ActiveCfg = MinSizeRel|Win32
		{46BDEC8E-84C1-3F61-BB1D-DEE1A3D0AE90}.MinSizeRel|Win32.Build.0 = MinSizeRel|Win32
		{46BDEC8E-84C1-3F61-BB1D-DEE1A3D0AE90}.RelWithDebInfo|Win32.ActiveCfg = RelWithDebInfo|Win32
		{46BDEC8E-84C1-3F61-BB1D-DEE1A3D0AE90}.RelWithDebInfo|Win32.Build.0 = RelWithDebInfo|Win32
		{D74B3723-BEE8-3EB5-9155-C3DBC8881F44}.Debug|Win32.ActiveCfg = Debug|Win32
		{D74B3723-BEE8-3EB5-9155-C3DBC8881F44}.Debug|Win32.Build.0 = Debug|Win32
		{D74B3723-BEE8-3EB5-9155-C3DBC8881F44}.Release|Win32.ActiveCfg = Release|Win32
		{D74B3723-BEE8-3EB5-9155-C3DBC8881F44}.Release|Win32.Build.0 = Release|Win32
		{D74B3723-BEE8-3EB5-9155-C3DBC8881F44}.MinSizeRel|Win32.ActiveCfg = MinSizeRel|Win32
		{D74B3723-BEE8-3EB5-9155-C3DBC8881F44}.MinSizeRel|Win32.Build.0 = MinSizeRel|Win32
		{D74B3723-BEE8-3EB5-9155-C3DBC8881F44}.RelWithDebInfo|Win32.ActiveCfg = RelWithDebInfo|Win32
		{D74B3723-BEE8-3EB5-9155-C3DBC8881F44}.RelWithDebInfo|Win32.Build.0 = RelWithDebInfo|Win32
		{A423B3C8-A8EE-3898-84B7-5D2E0C4B42AA}.Debug|Win32.ActiveCfg = Debug|Win32
		{A423B3C8-A8EE-3898-84B7-5D2E0C4B42AA}.Debug|Win32.Build.0 = Debug|Win32
		{A423B3C8-A8EE-3898-84B7-5D2E0C4B42AA}.Release|Win32.ActiveCfg = Release|Win32
		{A423B3C8-A8EE-3898-84B7-5D2E0C4B42AA}.Release|Win32.Build.0 = Release|Win32
		{A423B3C8-A8EE-3898-84B7-5D2E0C4B42AA}.MinSizeRel|Win32.ActiveCfg = MinSizeRel|Win32
		{A423B3C8-A8EE-3898-84B7-5D2E0C4B42AA}.MinSizeRel|Win32.Build.0 = MinSizeRel|Win32
		{A423B3C8-A8EE-3898-84B7-5D2E0C4B42AA}.RelWithDebInfo|Win32.ActiveCfg = RelWithDebInfo|Win32
		{A423B3C8-A8EE-3898-84B7-5D2E0C4B42AA}.RelWithDebInfo|Win32.Build.0 = RelWithDebInfo|Win32
		{842DEC9A-8054-39CF-A2A6-35AC352D439A}.Debug|Win32.ActiveCfg = Debug|Win32
		{842DEC9A-8054-39CF-A2A6-35AC352D439A}.Debug|Win32.Build.0 = Debug|Win32
		{842DEC9A-8054-39CF-A2A6-35AC352D439A}.Release|Win32.ActiveCfg = Release|Win32
		{842DEC9A-8054-39CF-A2A6-35AC352D439A}.Release|Win32.Build.0 = Release|Win32
		{842DEC9A-8054-39CF-A2A6-35AC352D439A}.MinSizeRel|Win32.ActiveCfg = MinSizeRel|Win32
		{842DEC9A-8054-39CF-A2A6-35AC352D439A}.MinSizeRel|Win32.Build.0 = MinSizeRel|Win32
		{842DEC9A-8054-39CF-A2A6-35AC352D439A}.RelWithDebInfo|Win32.ActiveCfg = RelWithDebInfo|Win32
		{842DEC9A-8054-39CF-A2A6-35AC352D439A}.RelWithDebInfo|Win32.Build.0 = RelWithDebInfo|Win32
		{D2E960C4-99BF-300A-BE79-CCEC29928101}.Debug|Win32.ActiveCfg = Debug|Win32
		{D2E960C4-99BF-300A-BE79-CCEC29928101}.Debug|Win32.Build.0 = Debug|Win32
		{D2E960C4-99BF-300A-BE79-CCEC29928101}.Release|Win32.ActiveCfg = Release|Win32
		{D2E960C4-99BF-300A-BE79-CCEC29928101}.Release|Win32.Build.0 = Release|Win32
		{D2E960C4-99BF-300A-BE79-CCEC29928101}.MinSizeRel|Win32.ActiveCfg = MinSizeRel|Win32
		{D2E960C4-99BF-300A-BE79-CCEC29928101}.MinSizeRel|Win32.Build.0 = MinSizeRel|Win32
		{D2E960C4-99BF-300A-BE79-CCEC29928101}.RelWithDebInfo|Win32.ActiveCfg = RelWithDebInfo|Win32
		{D2E960C4-99BF-300A-BE79-CCEC29928101}.RelWithDebInfo|Win32.Build.0 = RelWithDebInfo|Win32
		{CF0DFB5F-C9DB-3483-8E0E-89E83050C6E0}.Debug|Win32.ActiveCfg = Debug|Win32
		{CF0DFB5F-C9DB-3483-8E0E-89E83050C6E0}.Debug|Win32.Build.0 = Debug|Win32
		{CF0DFB5F-C9DB-3483-8E0E-89E83050C6E0}.Release|Win32.ActiveCfg = Release|Win32
		{CF0DFB5F-C9DB-3483-8E0E-89E83050C6E0}.Release|Win32.Build.0 = Release|Win32
		{CF0DFB5F-C9DB-3483-8E0E-89E83050C6E0}.MinSizeRel|Win32.ActiveCfg = MinSizeRel|Win32
		{CF0DFB5F-C9DB-3483-8E0E-89E83050C6E0}.MinSizeRel|Win32.Build.0 = MinSizeRel|Win32
		{CF0DFB5F-C9DB-3483-8E0E-89E83050C6E0}.RelWithDebInfo|Win32.ActiveCfg = RelWithDebInfo|Win32
		{CF0DFB5F-C9DB-3483-8E0E-89E83050C6E0}.RelWithDebInfo|Win32.Build.0 = RelWithDebInfo|Win32
		{5A3B5459-0B50-3AAB-BD40-9A29F8367E59}.Debug|Win32.ActiveCfg = Debug|Win32
		{5A3B5459-0B50-3AAB-BD40-9A29F8367E59}.Debug|Win32.Build.0 = Debug|Win32
		{5A3B5459-0B50-3AAB-BD40-9A29F8367E59}.Release|Win32.ActiveCfg = Release|Win32
		{5A3B5459-0B50-3AAB-BD40-9A29F8367E59}.Release|Win32.Build.0 = Release|Win32
		{5A3B5459-0B50-3AAB-BD40-9A29F8367E59}.MinSizeRel|Win32.ActiveCfg = MinSizeRel|Win32
		{5A3B5459-0B50-3AAB-BD40-9A29F8367E59}.MinSizeRel|Win32.Build.0 = MinSizeRel|Win32
		{5A3B5459-0B50-3AAB-BD40-9A29F8367E59}.RelWithDebInfo|Win32.ActiveCfg = RelWithDebInfo|Win32
		{5A3B5459-0B50-3AAB-BD40-9A29F8367E59}.RelWithDebInfo|Win32.Build.0 = RelWithDebInfo|Win32
		{077F9302-FE85-3DFE-A2AB-443D942B94C9}.Debug|Win32.ActiveCfg = Debug|Win32
		{077F9302-FE85-3DFE-A2AB-443D942B94C9}.Debug|Win32.Build.0 = Debug|Win32
		{077F9302-FE85-3DFE-A2AB-443D942B94C9}.Release|Win32.ActiveCfg = Release|Win32
		{077F9302-FE85-3DFE-A2AB-443D942B94C9}.Release|Win32.Build.0 = Release|Win32
		{077F9302-FE85-3DFE-A2AB-443D942B94C9}.MinSizeRel|Win32.ActiveCfg = MinSizeRel|Win32
		{077F9302-FE85-3DFE-A2AB-443D942B94C9}.MinSizeRel|Win32.Build.0 = MinSizeRel|Win32
		{077F9302-FE85-3DFE-A2AB-443D942B94C9}.RelWithDebInfo|Win32.ActiveCfg = RelWithDebInfo|Win32
		{077F9302-FE85-3DFE-A2AB-443D942B94C9}.RelWithDebInfo|Win32.Build.0 = RelWithDebInfo|Win32
		{865BB118-BF96-3579-8D03-0E37D652B171}.Debug|Win32.ActiveCfg = Debug|Win32
		{865BB118-BF96-3579-8D03-0E37D652B171}.Debug|Win32.Build.0 = Debug|Win32
		{865BB118-BF96-3579-8D03-0E37D652B171}.Release|Win32.ActiveCfg = Release|Win32
		{865BB118-BF96-3579-8D03-0E37D652B171}.Release|Win32.Build.0 = Release|Win32
		{865BB118-BF96-3579-8D03-0E37D652B171}.MinSizeRel|Win32.ActiveCfg = MinSizeRel|Win32
		{865BB118-BF96-3579-8D03-0E37D652B171}.MinSizeRel|Win32.Build.0 = MinSizeRel|Win32
		{865BB118-BF96-3579-8D03-0E37D652B171}.RelWithDebInfo|Win32.ActiveCfg = RelWithDebInfo|Win32
		{865BB118-BF96-3579-8D03-0E37D652B171}.RelWithDebInfo|Win32.Build.0 = RelWithDebInfo|Win32
	EndGlobalSection
	GlobalSection(ExtensibilityGlobals) = postSolution
		SolutionGuid = {6D3944EA-DF94-3979-BBD7-76285F5D2564}
	EndGlobalSection
	GlobalSection(ExtensibilityAddIns) = postSolution
	EndGlobalSection
EndGlobal
