Microsoft Visual Studio Solution File, Format Version 12.00
# Visual Studio 15
Project("{8BC9CEB8-8B4A-11D0-8D11-00A0C91BC942}") = "ALL_BUILD", "ALL_BUILD.vcxproj", "{3F9B02A0-E426-3513-8EC1-5C4922ED4132}"
	ProjectSection(ProjectDependencies) = postProject
		{D9BD6445-7316-3326-913D-6206B41C4EB3} = {D9BD6445-7316-3326-913D-6206B41C4EB3}
		{C61D5A17-0250-3C3B-B42F-E2037C00D421} = {C61D5A17-0250-3C3B-B42F-E2037C00D421}
	EndProjectSection
EndProject
Project("{8BC9CEB8-8B4A-11D0-8D11-00A0C91BC942}") = "INSTALL", "INSTALL.vcxproj", "{52915B3E-FBBA-3DF0-8859-B0929006B425}"
	ProjectSection(ProjectDependencies) = postProject
		{3F9B02A0-E426-3513-8EC1-5C4922ED4132} = {3F9B02A0-E426-3513-8EC1-5C4922ED4132}
		{D9BD6445-7316-3326-913D-6206B41C4EB3} = {D9BD6445-7316-3326-913D-6206B41C4EB3}
	EndProjectSection
EndProject
Project("{8BC9CEB8-8B4A-11D0-8D11-00A0C91BC942}") = "ZERO_CHECK", "..\..\..\\ZERO_CHECK.vcxproj", "{D9BD6445-7316-3326-913D-6206B41C4EB3}"
	ProjectSection(ProjectDependencies) = postProject
	EndProjectSection
EndProject
Project("{8BC9CEB8-8B4A-11D0-8D11-00A0C91BC942}") = "celt", "celt.vcxproj", "{C61D5A17-0250-3C3B-B42F-E2037C00D421}"
	ProjectSection(ProjectDependencies) = postProject
		{D9BD6445-7316-3326-913D-6206B41C4EB3} = {D9BD6445-7316-3326-913D-6206B41C4EB3}
	EndProjectSection
EndProject
Global
	GlobalSection(SolutionConfigurationPlatforms) = preSolution
		Debug|Win32 = Debug|Win32
		Release|Win32 = Release|Win32
		MinSizeRel|Win32 = MinSizeRel|Win32
		RelWithDebInfo|Win32 = RelWithDebInfo|Win32
	EndGlobalSection
	GlobalSection(ProjectConfigurationPlatforms) = postSolution
		{3F9B02A0-E426-3513-8EC1-5C4922ED4132}.Debug|Win32.ActiveCfg = Debug|Win32
		{3F9B02A0-E426-3513-8EC1-5C4922ED4132}.Debug|Win32.Build.0 = Debug|Win32
		{3F9B02A0-E426-3513-8EC1-5C4922ED4132}.Release|Win32.ActiveCfg = Release|Win32
		{3F9B02A0-E426-3513-8EC1-5C4922ED4132}.Release|Win32.Build.0 = Release|Win32
		{3F9B02A0-E426-3513-8EC1-5C4922ED4132}.MinSizeRel|Win32.ActiveCfg = MinSizeRel|Win32
		{3F9B02A0-E426-3513-8EC1-5C4922ED4132}.MinSizeRel|Win32.Build.0 = MinSizeRel|Win32
		{3F9B02A0-E426-3513-8EC1-5C4922ED4132}.RelWithDebInfo|Win32.ActiveCfg = RelWithDebInfo|Win32
		{3F9B02A0-E426-3513-8EC1-5C4922ED4132}.RelWithDebInfo|Win32.Build.0 = RelWithDebInfo|Win32
		{52915B3E-FBBA-3DF0-8859-B0929006B425}.Debug|Win32.ActiveCfg = Debug|Win32
		{52915B3E-FBBA-3DF0-8859-B0929006B425}.Release|Win32.ActiveCfg = Release|Win32
		{52915B3E-FBBA-3DF0-8859-B0929006B425}.MinSizeRel|Win32.ActiveCfg = MinSizeRel|Win32
		{52915B3E-FBBA-3DF0-8859-B0929006B425}.RelWithDebInfo|Win32.ActiveCfg = RelWithDebInfo|Win32
		{D9BD6445-7316-3326-913D-6206B41C4EB3}.Debug|Win32.ActiveCfg = Debug|Win32
		{D9BD6445-7316-3326-913D-6206B41C4EB3}.Debug|Win32.Build.0 = Debug|Win32
		{D9BD6445-7316-3326-913D-6206B41C4EB3}.Release|Win32.ActiveCfg = Release|Win32
		{D9BD6445-7316-3326-913D-6206B41C4EB3}.Release|Win32.Build.0 = Release|Win32
		{D9BD6445-7316-3326-913D-6206B41C4EB3}.MinSizeRel|Win32.ActiveCfg = MinSizeRel|Win32
		{D9BD6445-7316-3326-913D-6206B41C4EB3}.MinSizeRel|Win32.Build.0 = MinSizeRel|Win32
		{D9BD6445-7316-3326-913D-6206B41C4EB3}.RelWithDebInfo|Win32.ActiveCfg = RelWithDebInfo|Win32
		{D9BD6445-7316-3326-913D-6206B41C4EB3}.RelWithDebInfo|Win32.Build.0 = RelWithDebInfo|Win32
		{C61D5A17-0250-3C3B-B42F-E2037C00D421}.Debug|Win32.ActiveCfg = Debug|Win32
		{C61D5A17-0250-3C3B-B42F-E2037C00D421}.Debug|Win32.Build.0 = Debug|Win32
		{C61D5A17-0250-3C3B-B42F-E2037C00D421}.Release|Win32.ActiveCfg = Release|Win32
		{C61D5A17-0250-3C3B-B42F-E2037C00D421}.Release|Win32.Build.0 = Release|Win32
		{C61D5A17-0250-3C3B-B42F-E2037C00D421}.MinSizeRel|Win32.ActiveCfg = MinSizeRel|Win32
		{C61D5A17-0250-3C3B-B42F-E2037C00D421}.MinSizeRel|Win32.Build.0 = MinSizeRel|Win32
		{C61D5A17-0250-3C3B-B42F-E2037C00D421}.RelWithDebInfo|Win32.ActiveCfg = RelWithDebInfo|Win32
		{C61D5A17-0250-3C3B-B42F-E2037C00D421}.RelWithDebInfo|Win32.Build.0 = RelWithDebInfo|Win32
	EndGlobalSection
	GlobalSection(ExtensibilityGlobals) = postSolution
		SolutionGuid = {ABEEC01A-87F4-341A-8568-67753CA41DD6}
	EndGlobalSection
	GlobalSection(ExtensibilityAddIns) = postSolution
	EndGlobalSection
EndGlobal
