<?xml version="1.0" encoding="utf-8"?>
<Project ToolsVersion="15.0" xmlns="http://schemas.microsoft.com/developer/msbuild/2003">
  <ItemGroup>
    <ClCompile Include="C:\Users\hauk_\Desktop\voip_workspace_develop\src\main.cpp">
      <Filter>Source Files</Filter>
    </ClCompile>
    <ClCompile Include="C:\Users\hauk_\Desktop\voip_workspace_develop\src\voip_comm.cpp">
      <Filter>Source Files</Filter>
    </ClCompile>
    <ClCompile Include="C:\Users\hauk_\Desktop\voip_workspace_develop\src\sender.cpp">
      <Filter>Source Files</Filter>
    </ClCompile>
    <ClCompile Include="C:\Users\hauk_\Desktop\voip_workspace_develop\src\receiver.cpp">
      <Filter>Source Files</Filter>
    </ClCompile>
    <ClCompile Include="C:\Users\hauk_\Desktop\voip_workspace_develop\src\simplejb.cpp">
      <Filter>Source Files</Filter>
    </ClCompile>
    <ClCompile Include="C:\Users\hauk_\Desktop\voip_workspace_develop\src\rtp_packer.cpp">
      <Filter>Source Files</Filter>
    </ClCompile>
    <ClCompile Include="C:\Users\hauk_\Desktop\voip_workspace_develop\src\rtp_depacker.cpp">
      <Filter>Source Files</Filter>
    </ClCompile>
    <ClCompile Include="C:\Users\hauk_\Desktop\voip_workspace_develop\src\audioencoder.cpp">
      <Filter>Source Files</Filter>
    </ClCompile>
    <ClCompile Include="C:\Users\hauk_\Desktop\voip_workspace_develop\src\audiodecoder.cpp">
      <Filter>Source Files</Filter>
    </ClCompile>
  </ItemGroup>
  <ItemGroup>
    <ClInclude Include="C:\Users\hauk_\Desktop\voip_workspace_develop\src\voip_comm.h">
      <Filter>Header Files</Filter>
    </ClInclude>
    <ClInclude Include="C:\Users\hauk_\Desktop\voip_workspace_develop\src\sender.h">
      <Filter>Header Files</Filter>
    </ClInclude>
    <ClInclude Include="C:\Users\hauk_\Desktop\voip_workspace_develop\src\receiver.h">
      <Filter>Header Files</Filter>
    </ClInclude>
    <ClInclude Include="C:\Users\hauk_\Desktop\voip_workspace_develop\src\simplejb.h">
      <Filter>Header Files</Filter>
    </ClInclude>
    <ClInclude Include="C:\Users\hauk_\Desktop\voip_workspace_develop\src\rtp_packer.h">
      <Filter>Header Files</Filter>
    </ClInclude>
    <ClInclude Include="C:\Users\hauk_\Desktop\voip_workspace_develop\src\rtp_depacker.h">
      <Filter>Header Files</Filter>
    </ClInclude>
    <ClInclude Include="C:\Users\hauk_\Desktop\voip_workspace_develop\src\audioencoder.h">
      <Filter>Header Files</Filter>
    </ClInclude>
    <ClInclude Include="C:\Users\hauk_\Desktop\voip_workspace_develop\src\audiodecoder.h">
      <Filter>Header Files</Filter>
    </ClInclude>
  </ItemGroup>
  <ItemGroup>
    <CustomBuild Include="C:\Users\hauk_\Desktop\voip_workspace_develop\src\CMakeLists.txt" />
  </ItemGroup>
  <ItemGroup>
    <Filter Include="Header Files">
      <UniqueIdentifier>{2A98A5B7-699D-370F-B791-95DB7D782BF7}</UniqueIdentifier>
    </Filter>
    <Filter Include="Source Files">
      <UniqueIdentifier>{F574AC73-33C0-31F9-8C69-DE9D48268F3B}</UniqueIdentifier>
    </Filter>
  </ItemGroup>
</Project>
